
Microsoft Visual Studio Solution File, Format Version 12.00
Project("{FAE04EC0-301F-11D3-BF4B-00C04F79EFBC}") = "TugasForm", "TugasForm\TugasForm.csproj", "{93012547-8D58-44FA-83ED-57EEB81F107B}"
EndProject
Global
	GlobalSection(SolutionConfigurationPlatforms) = preSolution
		Debug|Any CPU = Debug|Any CPU
		Release|Any CPU = Release|Any CPU
	EndGlobalSection
	GlobalSection(ProjectConfigurationPlatforms) = postSolution
		{93012547-8D58-44FA-83ED-57EEB81F107B}.Debug|Any CPU.ActiveCfg = Debug|Any CPU
		{93012547-8D58-44FA-83ED-57EEB81F107B}.Debug|Any CPU.Build.0 = Debug|Any CPU
		{93012547-8D58-44FA-83ED-57EEB81F107B}.Release|Any CPU.ActiveCfg = Release|Any CPU
		{93012547-8D58-44FA-83ED-57EEB81F107B}.Release|Any CPU.Build.0 = Release|Any CPU
	EndGlobalSection
EndGlobal
